
Microsoft Visual Studio Solution File, Format Version 12.00
# Visual Studio Version 17
VisualStudioVersion = 17.3.32901.215
MinimumVisualStudioVersion = 10.0.40219.1
Project("{FAE04EC0-301F-11D3-BF4B-00C04F79EFBC}") = "myApp", "myApp\myApp.csproj", "{605182B5-0F94-4F2F-9E3F-1EB302BD1EE4}"
EndProject
Global
	GlobalSection(SolutionConfigurationPlatforms) = preSolution
		Debug|Any CPU = Debug|Any CPU
		Release|Any CPU = Release|Any CPU
	EndGlobalSection
	GlobalSection(ProjectConfigurationPlatforms) = postSolution
		{605182B5-0F94-4F2F-9E3F-1EB302BD1EE4}.Debug|Any CPU.ActiveCfg = Debug|Any CPU
		{605182B5-0F94-4F2F-9E3F-1EB302BD1EE4}.Debug|Any CPU.Build.0 = Debug|Any CPU
		{605182B5-0F94-4F2F-9E3F-1EB302BD1EE4}.Release|Any CPU.ActiveCfg = Release|Any CPU
		{605182B5-0F94-4F2F-9E3F-1EB302BD1EE4}.Release|Any CPU.Build.0 = Release|Any CPU
	EndGlobalSection
	GlobalSection(SolutionProperties) = preSolution
		HideSolutionNode = FALSE
	EndGlobalSection
	GlobalSection(ExtensibilityGlobals) = postSolution
		SolutionGuid = {CF17A1E8-1F73-4A16-85C9-1DAB7045EBD0}
	EndGlobalSection
EndGlobal
